
Microsoft Visual Studio Solution File, Format Version 12.00
# Visual Studio 15
Project("{FAE04EC0-301F-11D3-BF4B-00C04F79EFBC}") = "Zenject", "Zenject.csproj", "{33E09397-D890-3B53-5132-B6FE35A23081}"
EndProject
Project("{FAE04EC0-301F-11D3-BF4B-00C04F79EFBC}") = "Assembly-CSharp", "Assembly-CSharp.csproj", "{3112B71E-C4A1-875A-DF85-4500BE2CFFCE}"
EndProject
Project("{FAE04EC0-301F-11D3-BF4B-00C04F79EFBC}") = "UnityEngine.TestRunner", "UnityEngine.TestRunner.csproj", "{907DDBBA-97FB-2FD3-CA1C-DE32A1EBD885}"
EndProject
Project("{FAE04EC0-301F-11D3-BF4B-00C04F79EFBC}") = "Zenject-IntegrationTests-Editor", "Zenject-IntegrationTests-Editor.csproj", "{D9C6A6F1-463B-CA4F-EFE8-3F57B25E1C50}"
EndProject
Project("{FAE04EC0-301F-11D3-BF4B-00C04F79EFBC}") = "Unity.Timeline", "Unity.Timeline.csproj", "{38BC01E4-F1A4-EBD3-320E-F0371777A3CF}"
EndProject
Project("{FAE04EC0-301F-11D3-BF4B-00C04F79EFBC}") = "UnityEngine.Monetization", "UnityEngine.Monetization.csproj", "{A2118AE7-8B12-919C-E391-C9AD88D49F4D}"
EndProject
Project("{FAE04EC0-301F-11D3-BF4B-00C04F79EFBC}") = "Unity.TextMeshPro", "Unity.TextMeshPro.csproj", "{8AA98D4F-3B19-AC4F-F44A-F7DF66E00C38}"
EndProject
Project("{FAE04EC0-301F-11D3-BF4B-00C04F79EFBC}") = "UnityEngine.Purchasing", "UnityEngine.Purchasing.csproj", "{8850ED3B-F906-2CE1-BC54-B1877C5E0357}"
EndProject
Project("{FAE04EC0-301F-11D3-BF4B-00C04F79EFBC}") = "UnityEngine.Advertisements", "UnityEngine.Advertisements.csproj", "{1BD91753-BDF9-CE2B-4BBB-192136A2ED4F}"
EndProject
Project("{FAE04EC0-301F-11D3-BF4B-00C04F79EFBC}") = "Unity.Postprocessing.Runtime", "Unity.Postprocessing.Runtime.csproj", "{7DE38127-CC11-F96D-1443-5F84D0E87FF7}"
EndProject
Project("{FAE04EC0-301F-11D3-BF4B-00C04F79EFBC}") = "Zenject-IntegrationTests", "Zenject-IntegrationTests.csproj", "{08D67B38-3492-E852-023F-53816FC107C4}"
EndProject
Project("{FAE04EC0-301F-11D3-BF4B-00C04F79EFBC}") = "Assembly-CSharp-firstpass", "Assembly-CSharp-firstpass.csproj", "{48CAB151-B370-7740-473A-8A09550BD1DF}"
EndProject
Project("{FAE04EC0-301F-11D3-BF4B-00C04F79EFBC}") = "Sirenix.OdinInspector.CompatibilityLayer", "Sirenix.OdinInspector.CompatibilityLayer.csproj", "{D300C53F-57E0-435C-6376-AD2C3532ABA3}"
EndProject
Project("{FAE04EC0-301F-11D3-BF4B-00C04F79EFBC}") = "Unity.Analytics.DataPrivacy", "Unity.Analytics.DataPrivacy.csproj", "{78B88B8E-1FC1-07AA-E13D-871D0C6F2BC6}"
EndProject
Project("{FAE04EC0-301F-11D3-BF4B-00C04F79EFBC}") = "UnityEditor.TestRunner", "UnityEditor.TestRunner.csproj", "{ECE34988-63FF-8ED5-9D22-5F441962830C}"
EndProject
Project("{FAE04EC0-301F-11D3-BF4B-00C04F79EFBC}") = "Zenject-PoolMonitor-Editor", "Zenject-PoolMonitor-Editor.csproj", "{2B16FA05-9940-D747-CBF0-5BBB9753CBCD}"
EndProject
Project("{FAE04EC0-301F-11D3-BF4B-00C04F79EFBC}") = "Unity.Timeline.Editor", "Unity.Timeline.Editor.csproj", "{7D0B4994-E881-A7AE-7ED7-A03CAEEEEAB0}"
EndProject
Project("{FAE04EC0-301F-11D3-BF4B-00C04F79EFBC}") = "Unity.VisualStudio.Editor", "Unity.VisualStudio.Editor.csproj", "{6F9D0A70-52C1-30BA-747F-D50516246E42}"
EndProject
Project("{FAE04EC0-301F-11D3-BF4B-00C04F79EFBC}") = "Zenject-UnitTests-Editor", "Zenject-UnitTests-Editor.csproj", "{F3933354-45AA-6964-50DF-64F575009C13}"
EndProject
Project("{FAE04EC0-301F-11D3-BF4B-00C04F79EFBC}") = "Unity.TextMeshPro.Editor", "Unity.TextMeshPro.Editor.csproj", "{2554BEDC-968B-7B9D-2EEE-FD3DF93F5696}"
EndProject
Project("{FAE04EC0-301F-11D3-BF4B-00C04F79EFBC}") = "Unity.CollabProxy.Editor", "Unity.CollabProxy.Editor.csproj", "{6889EC5A-D815-4EB7-4D9F-A261444BDAD9}"
EndProject
Project("{FAE04EC0-301F-11D3-BF4B-00C04F79EFBC}") = "Unity.Postprocessing.Editor", "Unity.Postprocessing.Editor.csproj", "{8D5CC9F3-19B7-6F6B-D6BF-33C00879B5AE}"
EndProject
Project("{FAE04EC0-301F-11D3-BF4B-00C04F79EFBC}") = "UnityEngine.Advertisements.Editor", "UnityEngine.Advertisements.Editor.csproj", "{8A9B78A6-C3C3-D898-B5DC-20EA253034C3}"
EndProject
Project("{FAE04EC0-301F-11D3-BF4B-00C04F79EFBC}") = "Assembly-CSharp-Editor", "Assembly-CSharp-Editor.csproj", "{34ECD834-EEFA-D935-F5F8-1020C6742446}"
EndProject
Project("{FAE04EC0-301F-11D3-BF4B-00C04F79EFBC}") = "Zenject-ReflectionBaking-Editor", "Zenject-ReflectionBaking-Editor.csproj", "{B7C357FD-9825-2269-B163-F592ED2E2E15}"
EndProject
Project("{FAE04EC0-301F-11D3-BF4B-00C04F79EFBC}") = "Sirenix.OdinInspector.CompatibilityLayer.Editor", "Sirenix.OdinInspector.CompatibilityLayer.Editor.csproj", "{A25E3F87-690B-0497-E85D-77D7D3779A8A}"
EndProject
Project("{FAE04EC0-301F-11D3-BF4B-00C04F79EFBC}") = "Zenject-TestFramework", "Zenject-TestFramework.csproj", "{B8FB33FB-B4D2-B77B-926D-5393E7B3472F}"
EndProject
Project("{FAE04EC0-301F-11D3-BF4B-00C04F79EFBC}") = "Zenject-Editor", "Zenject-Editor.csproj", "{00F49EFA-5894-A5D1-5FC7-2929E64D7D95}"
EndProject
Project("{FAE04EC0-301F-11D3-BF4B-00C04F79EFBC}") = "Unity.VSCode.Editor", "Unity.VSCode.Editor.csproj", "{9F18F4AD-9A81-DB5F-9EEF-0E99F6860255}"
EndProject
Project("{FAE04EC0-301F-11D3-BF4B-00C04F79EFBC}") = "UnityEditor.Purchasing", "UnityEditor.Purchasing.csproj", "{67735C91-67CD-6BE7-C298-1BD3373940E4}"
EndProject
Project("{FAE04EC0-301F-11D3-BF4B-00C04F79EFBC}") = "Analytics", "Analytics.csproj", "{946761D7-6619-1456-3B50-9439D8FF6500}"
EndProject
Project("{FAE04EC0-301F-11D3-BF4B-00C04F79EFBC}") = "Assembly-CSharp-Editor-firstpass", "Assembly-CSharp-Editor-firstpass.csproj", "{33A9D760-72B1-90C3-2B7B-9C38013E047A}"
EndProject
Project("{FAE04EC0-301F-11D3-BF4B-00C04F79EFBC}") = "Zenject", "Zenject.Player.csproj", "{26AA93B2-33BE-AC87-0F31-B1C84B36FCAB}"
EndProject
Project("{FAE04EC0-301F-11D3-BF4B-00C04F79EFBC}") = "Assembly-CSharp", "Assembly-CSharp.Player.csproj", "{A7706223-9F87-3EAB-EBAC-825FA0E55003}"
EndProject
Project("{FAE04EC0-301F-11D3-BF4B-00C04F79EFBC}") = "UnityEngine.TestRunner", "UnityEngine.TestRunner.Player.csproj", "{472D8FF2-9D21-311E-651D-3EFBA4124CC6}"
EndProject
Project("{FAE04EC0-301F-11D3-BF4B-00C04F79EFBC}") = "Zenject-IntegrationTests-Editor", "Zenject-IntegrationTests-Editor.Player.csproj", "{0D622A4B-FFCE-41EC-92E1-9F9CC8F80B5A}"
EndProject
Project("{FAE04EC0-301F-11D3-BF4B-00C04F79EFBC}") = "Unity.Timeline", "Unity.Timeline.Player.csproj", "{3E9939A0-603D-BCFA-3103-1225782E1094}"
EndProject
Project("{FAE04EC0-301F-11D3-BF4B-00C04F79EFBC}") = "UnityEngine.Monetization", "UnityEngine.Monetization.Player.csproj", "{60F08911-8F04-8EAF-8996-2ADC934C8B26}"
EndProject
Project("{FAE04EC0-301F-11D3-BF4B-00C04F79EFBC}") = "Unity.TextMeshPro", "Unity.TextMeshPro.Player.csproj", "{EDF66F1F-7634-32C5-55C4-E0134120F678}"
EndProject
Project("{FAE04EC0-301F-11D3-BF4B-00C04F79EFBC}") = "UnityEngine.Purchasing", "UnityEngine.Purchasing.Player.csproj", "{C361B174-265A-7B4E-49E3-F2BAC1AC4A88}"
EndProject
Project("{FAE04EC0-301F-11D3-BF4B-00C04F79EFBC}") = "UnityEngine.Advertisements", "UnityEngine.Advertisements.Player.csproj", "{4BCB1F26-B60F-A99C-EE6C-999C21276C10}"
EndProject
Project("{FAE04EC0-301F-11D3-BF4B-00C04F79EFBC}") = "Unity.Postprocessing.Runtime", "Unity.Postprocessing.Runtime.Player.csproj", "{85CDF260-8B0C-4A2F-7F6C-C43AB6B56021}"
EndProject
Project("{FAE04EC0-301F-11D3-BF4B-00C04F79EFBC}") = "Zenject-IntegrationTests", "Zenject-IntegrationTests.Player.csproj", "{82356882-806D-5F7D-AA63-E8DD1C0D96CB}"
EndProject
Project("{FAE04EC0-301F-11D3-BF4B-00C04F79EFBC}") = "Assembly-CSharp-firstpass", "Assembly-CSharp-firstpass.Player.csproj", "{96582EE0-5C37-C83D-7081-0027D136733F}"
EndProject
Project("{FAE04EC0-301F-11D3-BF4B-00C04F79EFBC}") = "Sirenix.OdinInspector.CompatibilityLayer", "Sirenix.OdinInspector.CompatibilityLayer.Player.csproj", "{A5913D5B-1E3F-1549-B4FA-D31BE10BD595}"
EndProject
Project("{FAE04EC0-301F-11D3-BF4B-00C04F79EFBC}") = "Unity.Analytics.DataPrivacy", "Unity.Analytics.DataPrivacy.Player.csproj", "{890F6A2F-AB73-5D0E-C411-F75FCE7820CE}"
EndProject
Global
	GlobalSection(SolutionConfigurationPlatforms) = preSolution
		Debug|Any CPU = Debug|Any CPU
		Release|Any CPU = Release|Any CPU
	EndGlobalSection
	GlobalSection(ProjectConfigurationPlatforms) = postSolution
		{33E09397-D890-3B53-5132-B6FE35A23081}.Debug|Any CPU.ActiveCfg = Debug|Any CPU
		{33E09397-D890-3B53-5132-B6FE35A23081}.Debug|Any CPU.Build.0 = Debug|Any CPU
		{33E09397-D890-3B53-5132-B6FE35A23081}.Release|Any CPU.ActiveCfg = Release|Any CPU
		{33E09397-D890-3B53-5132-B6FE35A23081}.Release|Any CPU.Build.0 = Release|Any CPU
		{3112B71E-C4A1-875A-DF85-4500BE2CFFCE}.Debug|Any CPU.ActiveCfg = Debug|Any CPU
		{3112B71E-C4A1-875A-DF85-4500BE2CFFCE}.Debug|Any CPU.Build.0 = Debug|Any CPU
		{3112B71E-C4A1-875A-DF85-4500BE2CFFCE}.Release|Any CPU.ActiveCfg = Release|Any CPU
		{3112B71E-C4A1-875A-DF85-4500BE2CFFCE}.Release|Any CPU.Build.0 = Release|Any CPU
		{907DDBBA-97FB-2FD3-CA1C-DE32A1EBD885}.Debug|Any CPU.ActiveCfg = Debug|Any CPU
		{907DDBBA-97FB-2FD3-CA1C-DE32A1EBD885}.Debug|Any CPU.Build.0 = Debug|Any CPU
		{907DDBBA-97FB-2FD3-CA1C-DE32A1EBD885}.Release|Any CPU.ActiveCfg = Release|Any CPU
		{907DDBBA-97FB-2FD3-CA1C-DE32A1EBD885}.Release|Any CPU.Build.0 = Release|Any CPU
		{D9C6A6F1-463B-CA4F-EFE8-3F57B25E1C50}.Debug|Any CPU.ActiveCfg = Debug|Any CPU
		{D9C6A6F1-463B-CA4F-EFE8-3F57B25E1C50}.Debug|Any CPU.Build.0 = Debug|Any CPU
		{D9C6A6F1-463B-CA4F-EFE8-3F57B25E1C50}.Release|Any CPU.ActiveCfg = Release|Any CPU
		{D9C6A6F1-463B-CA4F-EFE8-3F57B25E1C50}.Release|Any CPU.Build.0 = Release|Any CPU
		{38BC01E4-F1A4-EBD3-320E-F0371777A3CF}.Debug|Any CPU.ActiveCfg = Debug|Any CPU
		{38BC01E4-F1A4-EBD3-320E-F0371777A3CF}.Debug|Any CPU.Build.0 = Debug|Any CPU
		{38BC01E4-F1A4-EBD3-320E-F0371777A3CF}.Release|Any CPU.ActiveCfg = Release|Any CPU
		{38BC01E4-F1A4-EBD3-320E-F0371777A3CF}.Release|Any CPU.Build.0 = Release|Any CPU
		{A2118AE7-8B12-919C-E391-C9AD88D49F4D}.Debug|Any CPU.ActiveCfg = Debug|Any CPU
		{A2118AE7-8B12-919C-E391-C9AD88D49F4D}.Debug|Any CPU.Build.0 = Debug|Any CPU
		{A2118AE7-8B12-919C-E391-C9AD88D49F4D}.Release|Any CPU.ActiveCfg = Release|Any CPU
		{A2118AE7-8B12-919C-E391-C9AD88D49F4D}.Release|Any CPU.Build.0 = Release|Any CPU
		{8AA98D4F-3B19-AC4F-F44A-F7DF66E00C38}.Debug|Any CPU.ActiveCfg = Debug|Any CPU
		{8AA98D4F-3B19-AC4F-F44A-F7DF66E00C38}.Debug|Any CPU.Build.0 = Debug|Any CPU
		{8AA98D4F-3B19-AC4F-F44A-F7DF66E00C38}.Release|Any CPU.ActiveCfg = Release|Any CPU
		{8AA98D4F-3B19-AC4F-F44A-F7DF66E00C38}.Release|Any CPU.Build.0 = Release|Any CPU
		{8850ED3B-F906-2CE1-BC54-B1877C5E0357}.Debug|Any CPU.ActiveCfg = Debug|Any CPU
		{8850ED3B-F906-2CE1-BC54-B1877C5E0357}.Debug|Any CPU.Build.0 = Debug|Any CPU
		{8850ED3B-F906-2CE1-BC54-B1877C5E0357}.Release|Any CPU.ActiveCfg = Release|Any CPU
		{8850ED3B-F906-2CE1-BC54-B1877C5E0357}.Release|Any CPU.Build.0 = Release|Any CPU
		{1BD91753-BDF9-CE2B-4BBB-192136A2ED4F}.Debug|Any CPU.ActiveCfg = Debug|Any CPU
		{1BD91753-BDF9-CE2B-4BBB-192136A2ED4F}.Debug|Any CPU.Build.0 = Debug|Any CPU
		{1BD91753-BDF9-CE2B-4BBB-192136A2ED4F}.Release|Any CPU.ActiveCfg = Release|Any CPU
		{1BD91753-BDF9-CE2B-4BBB-192136A2ED4F}.Release|Any CPU.Build.0 = Release|Any CPU
		{7DE38127-CC11-F96D-1443-5F84D0E87FF7}.Debug|Any CPU.ActiveCfg = Debug|Any CPU
		{7DE38127-CC11-F96D-1443-5F84D0E87FF7}.Debug|Any CPU.Build.0 = Debug|Any CPU
		{7DE38127-CC11-F96D-1443-5F84D0E87FF7}.Release|Any CPU.ActiveCfg = Release|Any CPU
		{7DE38127-CC11-F96D-1443-5F84D0E87FF7}.Release|Any CPU.Build.0 = Release|Any CPU
		{08D67B38-3492-E852-023F-53816FC107C4}.Debug|Any CPU.ActiveCfg = Debug|Any CPU
		{08D67B38-3492-E852-023F-53816FC107C4}.Debug|Any CPU.Build.0 = Debug|Any CPU
		{08D67B38-3492-E852-023F-53816FC107C4}.Release|Any CPU.ActiveCfg = Release|Any CPU
		{08D67B38-3492-E852-023F-53816FC107C4}.Release|Any CPU.Build.0 = Release|Any CPU
		{48CAB151-B370-7740-473A-8A09550BD1DF}.Debug|Any CPU.ActiveCfg = Debug|Any CPU
		{48CAB151-B370-7740-473A-8A09550BD1DF}.Debug|Any CPU.Build.0 = Debug|Any CPU
		{48CAB151-B370-7740-473A-8A09550BD1DF}.Release|Any CPU.ActiveCfg = Release|Any CPU
		{48CAB151-B370-7740-473A-8A09550BD1DF}.Release|Any CPU.Build.0 = Release|Any CPU
		{D300C53F-57E0-435C-6376-AD2C3532ABA3}.Debug|Any CPU.ActiveCfg = Debug|Any CPU
		{D300C53F-57E0-435C-6376-AD2C3532ABA3}.Debug|Any CPU.Build.0 = Debug|Any CPU
		{D300C53F-57E0-435C-6376-AD2C3532ABA3}.Release|Any CPU.ActiveCfg = Release|Any CPU
		{D300C53F-57E0-435C-6376-AD2C3532ABA3}.Release|Any CPU.Build.0 = Release|Any CPU
		{78B88B8E-1FC1-07AA-E13D-871D0C6F2BC6}.Debug|Any CPU.ActiveCfg = Debug|Any CPU
		{78B88B8E-1FC1-07AA-E13D-871D0C6F2BC6}.Debug|Any CPU.Build.0 = Debug|Any CPU
		{78B88B8E-1FC1-07AA-E13D-871D0C6F2BC6}.Release|Any CPU.ActiveCfg = Release|Any CPU
		{78B88B8E-1FC1-07AA-E13D-871D0C6F2BC6}.Release|Any CPU.Build.0 = Release|Any CPU
		{ECE34988-63FF-8ED5-9D22-5F441962830C}.Debug|Any CPU.ActiveCfg = Debug|Any CPU
		{ECE34988-63FF-8ED5-9D22-5F441962830C}.Debug|Any CPU.Build.0 = Debug|Any CPU
		{ECE34988-63FF-8ED5-9D22-5F441962830C}.Release|Any CPU.ActiveCfg = Release|Any CPU
		{ECE34988-63FF-8ED5-9D22-5F441962830C}.Release|Any CPU.Build.0 = Release|Any CPU
		{2B16FA05-9940-D747-CBF0-5BBB9753CBCD}.Debug|Any CPU.ActiveCfg = Debug|Any CPU
		{2B16FA05-9940-D747-CBF0-5BBB9753CBCD}.Debug|Any CPU.Build.0 = Debug|Any CPU
		{2B16FA05-9940-D747-CBF0-5BBB9753CBCD}.Release|Any CPU.ActiveCfg = Release|Any CPU
		{2B16FA05-9940-D747-CBF0-5BBB9753CBCD}.Release|Any CPU.Build.0 = Release|Any CPU
		{7D0B4994-E881-A7AE-7ED7-A03CAEEEEAB0}.Debug|Any CPU.ActiveCfg = Debug|Any CPU
		{7D0B4994-E881-A7AE-7ED7-A03CAEEEEAB0}.Debug|Any CPU.Build.0 = Debug|Any CPU
		{7D0B4994-E881-A7AE-7ED7-A03CAEEEEAB0}.Release|Any CPU.ActiveCfg = Release|Any CPU
		{7D0B4994-E881-A7AE-7ED7-A03CAEEEEAB0}.Release|Any CPU.Build.0 = Release|Any CPU
		{6F9D0A70-52C1-30BA-747F-D50516246E42}.Debug|Any CPU.ActiveCfg = Debug|Any CPU
		{6F9D0A70-52C1-30BA-747F-D50516246E42}.Debug|Any CPU.Build.0 = Debug|Any CPU
		{6F9D0A70-52C1-30BA-747F-D50516246E42}.Release|Any CPU.ActiveCfg = Release|Any CPU
		{6F9D0A70-52C1-30BA-747F-D50516246E42}.Release|Any CPU.Build.0 = Release|Any CPU
		{F3933354-45AA-6964-50DF-64F575009C13}.Debug|Any CPU.ActiveCfg = Debug|Any CPU
		{F3933354-45AA-6964-50DF-64F575009C13}.Debug|Any CPU.Build.0 = Debug|Any CPU
		{F3933354-45AA-6964-50DF-64F575009C13}.Release|Any CPU.ActiveCfg = Release|Any CPU
		{F3933354-45AA-6964-50DF-64F575009C13}.Release|Any CPU.Build.0 = Release|Any CPU
		{2554BEDC-968B-7B9D-2EEE-FD3DF93F5696}.Debug|Any CPU.ActiveCfg = Debug|Any CPU
		{2554BEDC-968B-7B9D-2EEE-FD3DF93F5696}.Debug|Any CPU.Build.0 = Debug|Any CPU
		{2554BEDC-968B-7B9D-2EEE-FD3DF93F5696}.Release|Any CPU.ActiveCfg = Release|Any CPU
		{2554BEDC-968B-7B9D-2EEE-FD3DF93F5696}.Release|Any CPU.Build.0 = Release|Any CPU
		{6889EC5A-D815-4EB7-4D9F-A261444BDAD9}.Debug|Any CPU.ActiveCfg = Debug|Any CPU
		{6889EC5A-D815-4EB7-4D9F-A261444BDAD9}.Debug|Any CPU.Build.0 = Debug|Any CPU
		{6889EC5A-D815-4EB7-4D9F-A261444BDAD9}.Release|Any CPU.ActiveCfg = Release|Any CPU
		{6889EC5A-D815-4EB7-4D9F-A261444BDAD9}.Release|Any CPU.Build.0 = Release|Any CPU
		{8D5CC9F3-19B7-6F6B-D6BF-33C00879B5AE}.Debug|Any CPU.ActiveCfg = Debug|Any CPU
		{8D5CC9F3-19B7-6F6B-D6BF-33C00879B5AE}.Debug|Any CPU.Build.0 = Debug|Any CPU
		{8D5CC9F3-19B7-6F6B-D6BF-33C00879B5AE}.Release|Any CPU.ActiveCfg = Release|Any CPU
		{8D5CC9F3-19B7-6F6B-D6BF-33C00879B5AE}.Release|Any CPU.Build.0 = Release|Any CPU
		{8A9B78A6-C3C3-D898-B5DC-20EA253034C3}.Debug|Any CPU.ActiveCfg = Debug|Any CPU
		{8A9B78A6-C3C3-D898-B5DC-20EA253034C3}.Debug|Any CPU.Build.0 = Debug|Any CPU
		{8A9B78A6-C3C3-D898-B5DC-20EA253034C3}.Release|Any CPU.ActiveCfg = Release|Any CPU
		{8A9B78A6-C3C3-D898-B5DC-20EA253034C3}.Release|Any CPU.Build.0 = Release|Any CPU
		{34ECD834-EEFA-D935-F5F8-1020C6742446}.Debug|Any CPU.ActiveCfg = Debug|Any CPU
		{34ECD834-EEFA-D935-F5F8-1020C6742446}.Debug|Any CPU.Build.0 = Debug|Any CPU
		{34ECD834-EEFA-D935-F5F8-1020C6742446}.Release|Any CPU.ActiveCfg = Release|Any CPU
		{34ECD834-EEFA-D935-F5F8-1020C6742446}.Release|Any CPU.Build.0 = Release|Any CPU
		{B7C357FD-9825-2269-B163-F592ED2E2E15}.Debug|Any CPU.ActiveCfg = Debug|Any CPU
		{B7C357FD-9825-2269-B163-F592ED2E2E15}.Debug|Any CPU.Build.0 = Debug|Any CPU
		{B7C357FD-9825-2269-B163-F592ED2E2E15}.Release|Any CPU.ActiveCfg = Release|Any CPU
		{B7C357FD-9825-2269-B163-F592ED2E2E15}.Release|Any CPU.Build.0 = Release|Any CPU
		{A25E3F87-690B-0497-E85D-77D7D3779A8A}.Debug|Any CPU.ActiveCfg = Debug|Any CPU
		{A25E3F87-690B-0497-E85D-77D7D3779A8A}.Debug|Any CPU.Build.0 = Debug|Any CPU
		{A25E3F87-690B-0497-E85D-77D7D3779A8A}.Release|Any CPU.ActiveCfg = Release|Any CPU
		{A25E3F87-690B-0497-E85D-77D7D3779A8A}.Release|Any CPU.Build.0 = Release|Any CPU
		{B8FB33FB-B4D2-B77B-926D-5393E7B3472F}.Debug|Any CPU.ActiveCfg = Debug|Any CPU
		{B8FB33FB-B4D2-B77B-926D-5393E7B3472F}.Debug|Any CPU.Build.0 = Debug|Any CPU
		{B8FB33FB-B4D2-B77B-926D-5393E7B3472F}.Release|Any CPU.ActiveCfg = Release|Any CPU
		{B8FB33FB-B4D2-B77B-926D-5393E7B3472F}.Release|Any CPU.Build.0 = Release|Any CPU
		{00F49EFA-5894-A5D1-5FC7-2929E64D7D95}.Debug|Any CPU.ActiveCfg = Debug|Any CPU
		{00F49EFA-5894-A5D1-5FC7-2929E64D7D95}.Debug|Any CPU.Build.0 = Debug|Any CPU
		{00F49EFA-5894-A5D1-5FC7-2929E64D7D95}.Release|Any CPU.ActiveCfg = Release|Any CPU
		{00F49EFA-5894-A5D1-5FC7-2929E64D7D95}.Release|Any CPU.Build.0 = Release|Any CPU
		{9F18F4AD-9A81-DB5F-9EEF-0E99F6860255}.Debug|Any CPU.ActiveCfg = Debug|Any CPU
		{9F18F4AD-9A81-DB5F-9EEF-0E99F6860255}.Debug|Any CPU.Build.0 = Debug|Any CPU
		{9F18F4AD-9A81-DB5F-9EEF-0E99F6860255}.Release|Any CPU.ActiveCfg = Release|Any CPU
		{9F18F4AD-9A81-DB5F-9EEF-0E99F6860255}.Release|Any CPU.Build.0 = Release|Any CPU
		{67735C91-67CD-6BE7-C298-1BD3373940E4}.Debug|Any CPU.ActiveCfg = Debug|Any CPU
		{67735C91-67CD-6BE7-C298-1BD3373940E4}.Debug|Any CPU.Build.0 = Debug|Any CPU
		{67735C91-67CD-6BE7-C298-1BD3373940E4}.Release|Any CPU.ActiveCfg = Release|Any CPU
		{67735C91-67CD-6BE7-C298-1BD3373940E4}.Release|Any CPU.Build.0 = Release|Any CPU
		{946761D7-6619-1456-3B50-9439D8FF6500}.Debug|Any CPU.ActiveCfg = Debug|Any CPU
		{946761D7-6619-1456-3B50-9439D8FF6500}.Debug|Any CPU.Build.0 = Debug|Any CPU
		{946761D7-6619-1456-3B50-9439D8FF6500}.Release|Any CPU.ActiveCfg = Release|Any CPU
		{946761D7-6619-1456-3B50-9439D8FF6500}.Release|Any CPU.Build.0 = Release|Any CPU
		{33A9D760-72B1-90C3-2B7B-9C38013E047A}.Debug|Any CPU.ActiveCfg = Debug|Any CPU
		{33A9D760-72B1-90C3-2B7B-9C38013E047A}.Debug|Any CPU.Build.0 = Debug|Any CPU
		{33A9D760-72B1-90C3-2B7B-9C38013E047A}.Release|Any CPU.ActiveCfg = Release|Any CPU
		{33A9D760-72B1-90C3-2B7B-9C38013E047A}.Release|Any CPU.Build.0 = Release|Any CPU
		{26AA93B2-33BE-AC87-0F31-B1C84B36FCAB}.Debug|Any CPU.ActiveCfg = Debug|Any CPU
		{26AA93B2-33BE-AC87-0F31-B1C84B36FCAB}.Debug|Any CPU.Build.0 = Debug|Any CPU
		{26AA93B2-33BE-AC87-0F31-B1C84B36FCAB}.Release|Any CPU.ActiveCfg = Release|Any CPU
		{26AA93B2-33BE-AC87-0F31-B1C84B36FCAB}.Release|Any CPU.Build.0 = Release|Any CPU
		{A7706223-9F87-3EAB-EBAC-825FA0E55003}.Debug|Any CPU.ActiveCfg = Debug|Any CPU
		{A7706223-9F87-3EAB-EBAC-825FA0E55003}.Debug|Any CPU.Build.0 = Debug|Any CPU
		{A7706223-9F87-3EAB-EBAC-825FA0E55003}.Release|Any CPU.ActiveCfg = Release|Any CPU
		{A7706223-9F87-3EAB-EBAC-825FA0E55003}.Release|Any CPU.Build.0 = Release|Any CPU
		{472D8FF2-9D21-311E-651D-3EFBA4124CC6}.Debug|Any CPU.ActiveCfg = Debug|Any CPU
		{472D8FF2-9D21-311E-651D-3EFBA4124CC6}.Debug|Any CPU.Build.0 = Debug|Any CPU
		{472D8FF2-9D21-311E-651D-3EFBA4124CC6}.Release|Any CPU.ActiveCfg = Release|Any CPU
		{472D8FF2-9D21-311E-651D-3EFBA4124CC6}.Release|Any CPU.Build.0 = Release|Any CPU
		{0D622A4B-FFCE-41EC-92E1-9F9CC8F80B5A}.Debug|Any CPU.ActiveCfg = Debug|Any CPU
		{0D622A4B-FFCE-41EC-92E1-9F9CC8F80B5A}.Debug|Any CPU.Build.0 = Debug|Any CPU
		{0D622A4B-FFCE-41EC-92E1-9F9CC8F80B5A}.Release|Any CPU.ActiveCfg = Release|Any CPU
		{0D622A4B-FFCE-41EC-92E1-9F9CC8F80B5A}.Release|Any CPU.Build.0 = Release|Any CPU
		{3E9939A0-603D-BCFA-3103-1225782E1094}.Debug|Any CPU.ActiveCfg = Debug|Any CPU
		{3E9939A0-603D-BCFA-3103-1225782E1094}.Debug|Any CPU.Build.0 = Debug|Any CPU
		{3E9939A0-603D-BCFA-3103-1225782E1094}.Release|Any CPU.ActiveCfg = Release|Any CPU
		{3E9939A0-603D-BCFA-3103-1225782E1094}.Release|Any CPU.Build.0 = Release|Any CPU
		{60F08911-8F04-8EAF-8996-2ADC934C8B26}.Debug|Any CPU.ActiveCfg = Debug|Any CPU
		{60F08911-8F04-8EAF-8996-2ADC934C8B26}.Debug|Any CPU.Build.0 = Debug|Any CPU
		{60F08911-8F04-8EAF-8996-2ADC934C8B26}.Release|Any CPU.ActiveCfg = Release|Any CPU
		{60F08911-8F04-8EAF-8996-2ADC934C8B26}.Release|Any CPU.Build.0 = Release|Any CPU
		{EDF66F1F-7634-32C5-55C4-E0134120F678}.Debug|Any CPU.ActiveCfg = Debug|Any CPU
		{EDF66F1F-7634-32C5-55C4-E0134120F678}.Debug|Any CPU.Build.0 = Debug|Any CPU
		{EDF66F1F-7634-32C5-55C4-E0134120F678}.Release|Any CPU.ActiveCfg = Release|Any CPU
		{EDF66F1F-7634-32C5-55C4-E0134120F678}.Release|Any CPU.Build.0 = Release|Any CPU
		{C361B174-265A-7B4E-49E3-F2BAC1AC4A88}.Debug|Any CPU.ActiveCfg = Debug|Any CPU
		{C361B174-265A-7B4E-49E3-F2BAC1AC4A88}.Debug|Any CPU.Build.0 = Debug|Any CPU
		{C361B174-265A-7B4E-49E3-F2BAC1AC4A88}.Release|Any CPU.ActiveCfg = Release|Any CPU
		{C361B174-265A-7B4E-49E3-F2BAC1AC4A88}.Release|Any CPU.Build.0 = Release|Any CPU
		{4BCB1F26-B60F-A99C-EE6C-999C21276C10}.Debug|Any CPU.ActiveCfg = Debug|Any CPU
		{4BCB1F26-B60F-A99C-EE6C-999C21276C10}.Debug|Any CPU.Build.0 = Debug|Any CPU
		{4BCB1F26-B60F-A99C-EE6C-999C21276C10}.Release|Any CPU.ActiveCfg = Release|Any CPU
		{4BCB1F26-B60F-A99C-EE6C-999C21276C10}.Release|Any CPU.Build.0 = Release|Any CPU
		{85CDF260-8B0C-4A2F-7F6C-C43AB6B56021}.Debug|Any CPU.ActiveCfg = Debug|Any CPU
		{85CDF260-8B0C-4A2F-7F6C-C43AB6B56021}.Debug|Any CPU.Build.0 = Debug|Any CPU
		{85CDF260-8B0C-4A2F-7F6C-C43AB6B56021}.Release|Any CPU.ActiveCfg = Release|Any CPU
		{85CDF260-8B0C-4A2F-7F6C-C43AB6B56021}.Release|Any CPU.Build.0 = Release|Any CPU
		{82356882-806D-5F7D-AA63-E8DD1C0D96CB}.Debug|Any CPU.ActiveCfg = Debug|Any CPU
		{82356882-806D-5F7D-AA63-E8DD1C0D96CB}.Debug|Any CPU.Build.0 = Debug|Any CPU
		{82356882-806D-5F7D-AA63-E8DD1C0D96CB}.Release|Any CPU.ActiveCfg = Release|Any CPU
		{82356882-806D-5F7D-AA63-E8DD1C0D96CB}.Release|Any CPU.Build.0 = Release|Any CPU
		{96582EE0-5C37-C83D-7081-0027D136733F}.Debug|Any CPU.ActiveCfg = Debug|Any CPU
		{96582EE0-5C37-C83D-7081-0027D136733F}.Debug|Any CPU.Build.0 = Debug|Any CPU
		{96582EE0-5C37-C83D-7081-0027D136733F}.Release|Any CPU.ActiveCfg = Release|Any CPU
		{96582EE0-5C37-C83D-7081-0027D136733F}.Release|Any CPU.Build.0 = Release|Any CPU
		{A5913D5B-1E3F-1549-B4FA-D31BE10BD595}.Debug|Any CPU.ActiveCfg = Debug|Any CPU
		{A5913D5B-1E3F-1549-B4FA-D31BE10BD595}.Debug|Any CPU.Build.0 = Debug|Any CPU
		{A5913D5B-1E3F-1549-B4FA-D31BE10BD595}.Release|Any CPU.ActiveCfg = Release|Any CPU
		{A5913D5B-1E3F-1549-B4FA-D31BE10BD595}.Release|Any CPU.Build.0 = Release|Any CPU
		{890F6A2F-AB73-5D0E-C411-F75FCE7820CE}.Debug|Any CPU.ActiveCfg = Debug|Any CPU
		{890F6A2F-AB73-5D0E-C411-F75FCE7820CE}.Debug|Any CPU.Build.0 = Debug|Any CPU
		{890F6A2F-AB73-5D0E-C411-F75FCE7820CE}.Release|Any CPU.ActiveCfg = Release|Any CPU
		{890F6A2F-AB73-5D0E-C411-F75FCE7820CE}.Release|Any CPU.Build.0 = Release|Any CPU
	EndGlobalSection
	GlobalSection(SolutionProperties) = preSolution
		HideSolutionNode = FALSE
	EndGlobalSection
EndGlobal
